// !$*UTF8*$!
{
	archiveVersion = 1;
	classes = {
	};
	objectVersion = 55;
	objects = {

/* Begin PBXBuildFile section */
		1E148CF9282C911000137B54 /* GoogleService-Info.plist in Resources */ = {isa = PBXBuildFile; fileRef = 1E148CF8282C911000137B54 /* GoogleService-Info.plist */; };
		1E148CFC282C962500137B54 /* FirebaseAuth in Frameworks */ = {isa = PBXBuildFile; productRef = 1E148CFB282C962500137B54 /* FirebaseAuth */; };
		1E148CFE282C962500137B54 /* FirebaseFirestore in Frameworks */ = {isa = PBXBuildFile; productRef = 1E148CFD282C962500137B54 /* FirebaseFirestore */; };
		1E1D38C0282D8AF100C284FA /* LoginView.swift in Sources */ = {isa = PBXBuildFile; fileRef = 1E1D38BF282D8AF100C284FA /* LoginView.swift */; };
		1E1D38C2282DB5E800C284FA /* SignUpView.swift in Sources */ = {isa = PBXBuildFile; fileRef = 1E1D38C1282DB5E800C284FA /* SignUpView.swift */; };
		1E26E19C28344320007833EA /* FooterView.swift in Sources */ = {isa = PBXBuildFile; fileRef = 1E26E19B28344320007833EA /* FooterView.swift */; };
		1E30081B282EF7A30068BE50 /* UserModel.swift in Sources */ = {isa = PBXBuildFile; fileRef = 1E30081A282EF7A30068BE50 /* UserModel.swift */; };
		1E30081D282F02A50068BE50 /* UserViewModel.swift in Sources */ = {isa = PBXBuildFile; fileRef = 1E30081C282F02A50068BE50 /* UserViewModel.swift */; };
		1E5DCC5F28309BE9002964ED /* RouteView.swift in Sources */ = {isa = PBXBuildFile; fileRef = 1E5DCC5E28309BE9002964ED /* RouteView.swift */; };
		1EEB582C2821DAC2000E713E /* PayTheBillApp.swift in Sources */ = {isa = PBXBuildFile; fileRef = 1EEB582B2821DAC2000E713E /* PayTheBillApp.swift */; };
		1EEB582E2821DAC2000E713E /* ContentView.swift in Sources */ = {isa = PBXBuildFile; fileRef = 1EEB582D2821DAC2000E713E /* ContentView.swift */; };
		1EEB58302821DAC3000E713E /* Assets.xcassets in Resources */ = {isa = PBXBuildFile; fileRef = 1EEB582F2821DAC3000E713E /* Assets.xcassets */; };
		1EEB58332821DAC3000E713E /* Preview Assets.xcassets in Resources */ = {isa = PBXBuildFile; fileRef = 1EEB58322821DAC3000E713E /* Preview Assets.xcassets */; };
		1EF4A885283142D2004D2CE1 /* BillModel.swift in Sources */ = {isa = PBXBuildFile; fileRef = 1EF4A884283142D2004D2CE1 /* BillModel.swift */; };
		1EF4A8872831470F004D2CE1 /* BillViewModel.swift in Sources */ = {isa = PBXBuildFile; fileRef = 1EF4A8862831470F004D2CE1 /* BillViewModel.swift */; };
		BC09AC652824809D000C5246 /* AddDashboardView.swift in Sources */ = {isa = PBXBuildFile; fileRef = BC09AC642824809D000C5246 /* AddDashboardView.swift */; };
		BC09AC67282482B1000C5246 /* HomeView.swift in Sources */ = {isa = PBXBuildFile; fileRef = BC09AC66282482B1000C5246 /* HomeView.swift */; };
		BC848AFB2824B03F00CC9983 /* AddNewBillView.swift in Sources */ = {isa = PBXBuildFile; fileRef = BC848AFA2824B03F00CC9983 /* AddNewBillView.swift */; };
		BCEDFAAC282B46D000169088 /* AppDelegate.swift in Sources */ = {isa = PBXBuildFile; fileRef = BCEDFAAB282B46D000169088 /* AppDelegate.swift */; };
/* End PBXBuildFile section */

/* Begin PBXFileReference section */
		1E148CF8282C911000137B54 /* GoogleService-Info.plist */ = {isa = PBXFileReference; fileEncoding = 4; lastKnownFileType = text.plist.xml; name = "GoogleService-Info.plist"; path = "../../../../Downloads/GoogleService-Info.plist"; sourceTree = "<group>"; };
		1E1D38BF282D8AF100C284FA /* LoginView.swift */ = {isa = PBXFileReference; lastKnownFileType = sourcecode.swift; path = LoginView.swift; sourceTree = "<group>"; };
		1E1D38C1282DB5E800C284FA /* SignUpView.swift */ = {isa = PBXFileReference; lastKnownFileType = sourcecode.swift; path = SignUpView.swift; sourceTree = "<group>"; };
		1E26E19B28344320007833EA /* FooterView.swift */ = {isa = PBXFileReference; lastKnownFileType = sourcecode.swift; path = FooterView.swift; sourceTree = "<group>"; };
		1E30081A282EF7A30068BE50 /* UserModel.swift */ = {isa = PBXFileReference; lastKnownFileType = sourcecode.swift; path = UserModel.swift; sourceTree = "<group>"; };
		1E30081C282F02A50068BE50 /* UserViewModel.swift */ = {isa = PBXFileReference; lastKnownFileType = sourcecode.swift; path = UserViewModel.swift; sourceTree = "<group>"; };
		1E5DCC5E28309BE9002964ED /* RouteView.swift */ = {isa = PBXFileReference; lastKnownFileType = sourcecode.swift; path = RouteView.swift; sourceTree = "<group>"; };
		1EEB58282821DAC2000E713E /* PayTheBill.app */ = {isa = PBXFileReference; explicitFileType = wrapper.application; includeInIndex = 0; path = PayTheBill.app; sourceTree = BUILT_PRODUCTS_DIR; };
		1EEB582B2821DAC2000E713E /* PayTheBillApp.swift */ = {isa = PBXFileReference; lastKnownFileType = sourcecode.swift; path = PayTheBillApp.swift; sourceTree = "<group>"; };
		1EEB582D2821DAC2000E713E /* ContentView.swift */ = {isa = PBXFileReference; lastKnownFileType = sourcecode.swift; path = ContentView.swift; sourceTree = "<group>"; };
		1EEB582F2821DAC3000E713E /* Assets.xcassets */ = {isa = PBXFileReference; lastKnownFileType = folder.assetcatalog; path = Assets.xcassets; sourceTree = "<group>"; };
		1EEB58322821DAC3000E713E /* Preview Assets.xcassets */ = {isa = PBXFileReference; lastKnownFileType = folder.assetcatalog; path = "Preview Assets.xcassets"; sourceTree = "<group>"; };
		1EF4A884283142D2004D2CE1 /* BillModel.swift */ = {isa = PBXFileReference; lastKnownFileType = sourcecode.swift; path = BillModel.swift; sourceTree = "<group>"; };
		1EF4A8862831470F004D2CE1 /* BillViewModel.swift */ = {isa = PBXFileReference; lastKnownFileType = sourcecode.swift; path = BillViewModel.swift; sourceTree = "<group>"; };
		BC09AC642824809D000C5246 /* AddDashboardView.swift */ = {isa = PBXFileReference; lastKnownFileType = sourcecode.swift; path = AddDashboardView.swift; sourceTree = "<group>"; };
		BC09AC66282482B1000C5246 /* HomeView.swift */ = {isa = PBXFileReference; lastKnownFileType = sourcecode.swift; path = HomeView.swift; sourceTree = "<group>"; };
		BC848AFA2824B03F00CC9983 /* AddNewBillView.swift */ = {isa = PBXFileReference; lastKnownFileType = sourcecode.swift; path = AddNewBillView.swift; sourceTree = "<group>"; };
		BCEDFAAB282B46D000169088 /* AppDelegate.swift */ = {isa = PBXFileReference; lastKnownFileType = sourcecode.swift; path = AppDelegate.swift; sourceTree = "<group>"; };
/* End PBXFileReference section */

/* Begin PBXFrameworksBuildPhase section */
		1EEB58252821DAC2000E713E /* Frameworks */ = {
			isa = PBXFrameworksBuildPhase;
			buildActionMask = 2147483647;
			files = (
				1E148CFC282C962500137B54 /* FirebaseAuth in Frameworks */,
				1E148CFE282C962500137B54 /* FirebaseFirestore in Frameworks */,
			);
			runOnlyForDeploymentPostprocessing = 0;
		};
/* End PBXFrameworksBuildPhase section */

/* Begin PBXGroup section */
		1E26E19A28344307007833EA /* Components */ = {
			isa = PBXGroup;
			children = (
				1E26E19B28344320007833EA /* FooterView.swift */,
			);
			path = Components;
			sourceTree = "<group>";
		};
		1EACD8772821EEAA00648949 /* View */ = {
			isa = PBXGroup;
			children = (
				1E26E19A28344307007833EA /* Components */,
				1EEB582D2821DAC2000E713E /* ContentView.swift */,
				BC09AC642824809D000C5246 /* AddDashboardView.swift */,
				BC09AC66282482B1000C5246 /* HomeView.swift */,
				BC848AFA2824B03F00CC9983 /* AddNewBillView.swift */,
				1E1D38BF282D8AF100C284FA /* LoginView.swift */,
				1E1D38C1282DB5E800C284FA /* SignUpView.swift */,
				1E5DCC5E28309BE9002964ED /* RouteView.swift */,
			);
			path = View;
			sourceTree = "<group>";
		};
		1EACD8782821EEBE00648949 /* Model */ = {
			isa = PBXGroup;
			children = (
				1E30081A282EF7A30068BE50 /* UserModel.swift */,
				1EF4A884283142D2004D2CE1 /* BillModel.swift */,
			);
			path = Model;
			sourceTree = "<group>";
		};
		1EACD8792821EEC300648949 /* ViewModel */ = {
			isa = PBXGroup;
			children = (
				1E30081C282F02A50068BE50 /* UserViewModel.swift */,
				1EF4A8862831470F004D2CE1 /* BillViewModel.swift */,
			);
			path = ViewModel;
			sourceTree = "<group>";
		};
		1EEB581F2821DAC2000E713E = {
			isa = PBXGroup;
			children = (
				1EEB582A2821DAC2000E713E /* PayTheBill */,
				1EEB58292821DAC2000E713E /* Products */,
			);
			sourceTree = "<group>";
		};
		1EEB58292821DAC2000E713E /* Products */ = {
			isa = PBXGroup;
			children = (
				1EEB58282821DAC2000E713E /* PayTheBill.app */,
			);
			name = Products;
			sourceTree = "<group>";
		};
		1EEB582A2821DAC2000E713E /* PayTheBill */ = {
			isa = PBXGroup;
			children = (
				1EACD8792821EEC300648949 /* ViewModel */,
				1EACD8782821EEBE00648949 /* Model */,
				1EACD8772821EEAA00648949 /* View */,
				1EEB582B2821DAC2000E713E /* PayTheBillApp.swift */,
				1EEB582F2821DAC3000E713E /* Assets.xcassets */,
				1E148CF8282C911000137B54 /* GoogleService-Info.plist */,
				1EEB58312821DAC3000E713E /* Preview Content */,
				BCEDFAAB282B46D000169088 /* AppDelegate.swift */,
			);
			path = PayTheBill;
			sourceTree = "<group>";
		};
		1EEB58312821DAC3000E713E /* Preview Content */ = {
			isa = PBXGroup;
			children = (
				1EEB58322821DAC3000E713E /* Preview Assets.xcassets */,
			);
			path = "Preview Content";
			sourceTree = "<group>";
		};
/* End PBXGroup section */

/* Begin PBXNativeTarget section */
		1EEB58272821DAC2000E713E /* PayTheBill */ = {
			isa = PBXNativeTarget;
			buildConfigurationList = 1EEB58362821DAC3000E713E /* Build configuration list for PBXNativeTarget "PayTheBill" */;
			buildPhases = (
				1EEB58242821DAC2000E713E /* Sources */,
				1EEB58252821DAC2000E713E /* Frameworks */,
				1EEB58262821DAC2000E713E /* Resources */,
			);
			buildRules = (
			);
			dependencies = (
			);
			name = PayTheBill;
			packageProductDependencies = (
				1E148CFB282C962500137B54 /* FirebaseAuth */,
				1E148CFD282C962500137B54 /* FirebaseFirestore */,
			);
			productName = PayTheBill;
			productReference = 1EEB58282821DAC2000E713E /* PayTheBill.app */;
			productType = "com.apple.product-type.application";
		};
/* End PBXNativeTarget section */

/* Begin PBXProject section */
		1EEB58202821DAC2000E713E /* Project object */ = {
			isa = PBXProject;
			attributes = {
				BuildIndependentTargetsInParallel = 1;
				LastSwiftUpdateCheck = 1330;
				LastUpgradeCheck = 1330;
				TargetAttributes = {
					1EEB58272821DAC2000E713E = {
						CreatedOnToolsVersion = 13.3;
					};
				};
			};
			buildConfigurationList = 1EEB58232821DAC2000E713E /* Build configuration list for PBXProject "PayTheBill" */;
			compatibilityVersion = "Xcode 13.0";
			developmentRegion = en;
			hasScannedForEncodings = 0;
			knownRegions = (
				en,
				Base,
			);
			mainGroup = 1EEB581F2821DAC2000E713E;
			packageReferences = (
				1E148CFA282C962500137B54 /* XCRemoteSwiftPackageReference "firebase-ios-sdk" */,
			);
			productRefGroup = 1EEB58292821DAC2000E713E /* Products */;
			projectDirPath = "";
			projectRoot = "";
			targets = (
				1EEB58272821DAC2000E713E /* PayTheBill */,
			);
		};
/* End PBXProject section */

/* Begin PBXResourcesBuildPhase section */
		1EEB58262821DAC2000E713E /* Resources */ = {
			isa = PBXResourcesBuildPhase;
			buildActionMask = 2147483647;
			files = (
				1EEB58332821DAC3000E713E /* Preview Assets.xcassets in Resources */,
				1EEB58302821DAC3000E713E /* Assets.xcassets in Resources */,
				1E148CF9282C911000137B54 /* GoogleService-Info.plist in Resources */,
			);
			runOnlyForDeploymentPostprocessing = 0;
		};
/* End PBXResourcesBuildPhase section */

/* Begin PBXSourcesBuildPhase section */
		1EEB58242821DAC2000E713E /* Sources */ = {
			isa = PBXSourcesBuildPhase;
			buildActionMask = 2147483647;
			files = (
				1E5DCC5F28309BE9002964ED /* RouteView.swift in Sources */,
				1E26E19C28344320007833EA /* FooterView.swift in Sources */,
				BCEDFAAC282B46D000169088 /* AppDelegate.swift in Sources */,
				1E1D38C0282D8AF100C284FA /* LoginView.swift in Sources */,
				1EF4A8872831470F004D2CE1 /* BillViewModel.swift in Sources */,
				BC848AFB2824B03F00CC9983 /* AddNewBillView.swift in Sources */,
				1E30081D282F02A50068BE50 /* UserViewModel.swift in Sources */,
				1EEB582E2821DAC2000E713E /* ContentView.swift in Sources */,
				1E1D38C2282DB5E800C284FA /* SignUpView.swift in Sources */,
				BC09AC67282482B1000C5246 /* HomeView.swift in Sources */,
				BC09AC652824809D000C5246 /* AddDashboardView.swift in Sources */,
				1E30081B282EF7A30068BE50 /* UserModel.swift in Sources */,
				1EF4A885283142D2004D2CE1 /* BillModel.swift in Sources */,
				1EEB582C2821DAC2000E713E /* PayTheBillApp.swift in Sources */,
			);
			runOnlyForDeploymentPostprocessing = 0;
		};
/* End PBXSourcesBuildPhase section */

/* Begin XCBuildConfiguration section */
		1EEB58342821DAC3000E713E /* Debug */ = {
			isa = XCBuildConfiguration;
			buildSettings = {
				ALWAYS_SEARCH_USER_PATHS = NO;
				CLANG_ANALYZER_NONNULL = YES;
				CLANG_ANALYZER_NUMBER_OBJECT_CONVERSION = YES_AGGRESSIVE;
				CLANG_CXX_LANGUAGE_STANDARD = "gnu++17";
				CLANG_ENABLE_MODULES = YES;
				CLANG_ENABLE_OBJC_ARC = YES;
				CLANG_ENABLE_OBJC_WEAK = YES;
				CLANG_WARN_BLOCK_CAPTURE_AUTORELEASING = YES;
				CLANG_WARN_BOOL_CONVERSION = YES;
				CLANG_WARN_COMMA = YES;
				CLANG_WARN_CONSTANT_CONVERSION = YES;
				CLANG_WARN_DEPRECATED_OBJC_IMPLEMENTATIONS = YES;
				CLANG_WARN_DIRECT_OBJC_ISA_USAGE = YES_ERROR;
				CLANG_WARN_DOCUMENTATION_COMMENTS = YES;
				CLANG_WARN_EMPTY_BODY = YES;
				CLANG_WARN_ENUM_CONVERSION = YES;
				CLANG_WARN_INFINITE_RECURSION = YES;
				CLANG_WARN_INT_CONVERSION = YES;
				CLANG_WARN_NON_LITERAL_NULL_CONVERSION = YES;
				CLANG_WARN_OBJC_IMPLICIT_RETAIN_SELF = YES;
				CLANG_WARN_OBJC_LITERAL_CONVERSION = YES;
				CLANG_WARN_OBJC_ROOT_CLASS = YES_ERROR;
				CLANG_WARN_QUOTED_INCLUDE_IN_FRAMEWORK_HEADER = YES;
				CLANG_WARN_RANGE_LOOP_ANALYSIS = YES;
				CLANG_WARN_STRICT_PROTOTYPES = YES;
				CLANG_WARN_SUSPICIOUS_MOVE = YES;
				CLANG_WARN_UNGUARDED_AVAILABILITY = YES_AGGRESSIVE;
				CLANG_WARN_UNREACHABLE_CODE = YES;
				CLANG_WARN__DUPLICATE_METHOD_MATCH = YES;
				COPY_PHASE_STRIP = NO;
				DEBUG_INFORMATION_FORMAT = dwarf;
				ENABLE_STRICT_OBJC_MSGSEND = YES;
				ENABLE_TESTABILITY = YES;
				GCC_C_LANGUAGE_STANDARD = gnu11;
				GCC_DYNAMIC_NO_PIC = NO;
				GCC_NO_COMMON_BLOCKS = YES;
				GCC_OPTIMIZATION_LEVEL = 0;
				GCC_PREPROCESSOR_DEFINITIONS = (
					"DEBUG=1",
					"$(inherited)",
				);
				GCC_WARN_64_TO_32_BIT_CONVERSION = YES;
				GCC_WARN_ABOUT_RETURN_TYPE = YES_ERROR;
				GCC_WARN_UNDECLARED_SELECTOR = YES;
				GCC_WARN_UNINITIALIZED_AUTOS = YES_AGGRESSIVE;
				GCC_WARN_UNUSED_FUNCTION = YES;
				GCC_WARN_UNUSED_VARIABLE = YES;
				IPHONEOS_DEPLOYMENT_TARGET = 15.4;
				MTL_ENABLE_DEBUG_INFO = INCLUDE_SOURCE;
				MTL_FAST_MATH = YES;
				ONLY_ACTIVE_ARCH = YES;
				SDKROOT = iphoneos;
				SWIFT_ACTIVE_COMPILATION_CONDITIONS = DEBUG;
				SWIFT_OPTIMIZATION_LEVEL = "-Onone";
			};
			name = Debug;
		};
		1EEB58352821DAC3000E713E /* Release */ = {
			isa = XCBuildConfiguration;
			buildSettings = {
				ALWAYS_SEARCH_USER_PATHS = NO;
				CLANG_ANALYZER_NONNULL = YES;
				CLANG_ANALYZER_NUMBER_OBJECT_CONVERSION = YES_AGGRESSIVE;
				CLANG_CXX_LANGUAGE_STANDARD = "gnu++17";
				CLANG_ENABLE_MODULES = YES;
				CLANG_ENABLE_OBJC_ARC = YES;
				CLANG_ENABLE_OBJC_WEAK = YES;
				CLANG_WARN_BLOCK_CAPTURE_AUTORELEASING = YES;
				CLANG_WARN_BOOL_CONVERSION = YES;
				CLANG_WARN_COMMA = YES;
				CLANG_WARN_CONSTANT_CONVERSION = YES;
				CLANG_WARN_DEPRECATED_OBJC_IMPLEMENTATIONS = YES;
				CLANG_WARN_DIRECT_OBJC_ISA_USAGE = YES_ERROR;
				CLANG_WARN_DOCUMENTATION_COMMENTS = YES;
				CLANG_WARN_EMPTY_BODY = YES;
				CLANG_WARN_ENUM_CONVERSION = YES;
				CLANG_WARN_INFINITE_RECURSION = YES;
				CLANG_WARN_INT_CONVERSION = YES;
				CLANG_WARN_NON_LITERAL_NULL_CONVERSION = YES;
				CLANG_WARN_OBJC_IMPLICIT_RETAIN_SELF = YES;
				CLANG_WARN_OBJC_LITERAL_CONVERSION = YES;
				CLANG_WARN_OBJC_ROOT_CLASS = YES_ERROR;
				CLANG_WARN_QUOTED_INCLUDE_IN_FRAMEWORK_HEADER = YES;
				CLANG_WARN_RANGE_LOOP_ANALYSIS = YES;
				CLANG_WARN_STRICT_PROTOTYPES = YES;
				CLANG_WARN_SUSPICIOUS_MOVE = YES;
				CLANG_WARN_UNGUARDED_AVAILABILITY = YES_AGGRESSIVE;
				CLANG_WARN_UNREACHABLE_CODE = YES;
				CLANG_WARN__DUPLICATE_METHOD_MATCH = YES;
				COPY_PHASE_STRIP = NO;
				DEBUG_INFORMATION_FORMAT = "dwarf-with-dsym";
				ENABLE_NS_ASSERTIONS = NO;
				ENABLE_STRICT_OBJC_MSGSEND = YES;
				GCC_C_LANGUAGE_STANDARD = gnu11;
				GCC_NO_COMMON_BLOCKS = YES;
				GCC_WARN_64_TO_32_BIT_CONVERSION = YES;
				GCC_WARN_ABOUT_RETURN_TYPE = YES_ERROR;
				GCC_WARN_UNDECLARED_SELECTOR = YES;
				GCC_WARN_UNINITIALIZED_AUTOS = YES_AGGRESSIVE;
				GCC_WARN_UNUSED_FUNCTION = YES;
				GCC_WARN_UNUSED_VARIABLE = YES;
				IPHONEOS_DEPLOYMENT_TARGET = 15.4;
				MTL_ENABLE_DEBUG_INFO = NO;
				MTL_FAST_MATH = YES;
				SDKROOT = iphoneos;
				SWIFT_COMPILATION_MODE = wholemodule;
				SWIFT_OPTIMIZATION_LEVEL = "-O";
				VALIDATE_PRODUCT = YES;
			};
			name = Release;
		};
		1EEB58372821DAC3000E713E /* Debug */ = {
			isa = XCBuildConfiguration;
			buildSettings = {
				ASSETCATALOG_COMPILER_APPICON_NAME = AppIcon;
				ASSETCATALOG_COMPILER_GLOBAL_ACCENT_COLOR_NAME = AccentColor;
				CODE_SIGN_STYLE = Automatic;
				CURRENT_PROJECT_VERSION = 1;
				DEVELOPMENT_ASSET_PATHS = "\"PayTheBill/Preview Content\"";
				DEVELOPMENT_TEAM = RK3Y5C7RD9;
				ENABLE_PREVIEWS = YES;
				GENERATE_INFOPLIST_FILE = YES;
				INFOPLIST_KEY_UIApplicationSceneManifest_Generation = YES;
				INFOPLIST_KEY_UIApplicationSupportsIndirectInputEvents = YES;
				INFOPLIST_KEY_UILaunchScreen_Generation = YES;
				INFOPLIST_KEY_UISupportedInterfaceOrientations_iPad = "UIInterfaceOrientationPortrait UIInterfaceOrientationPortraitUpsideDown UIInterfaceOrientationLandscapeLeft UIInterfaceOrientationLandscapeRight";
				INFOPLIST_KEY_UISupportedInterfaceOrientations_iPhone = "UIInterfaceOrientationPortrait UIInterfaceOrientationLandscapeLeft UIInterfaceOrientationLandscapeRight";
				IPHONEOS_DEPLOYMENT_TARGET = 15.0;
				LD_RUNPATH_SEARCH_PATHS = (
					"$(inherited)",
					"@executable_path/Frameworks",
				);
				MARKETING_VERSION = 1.0;
				PRODUCT_BUNDLE_IDENTIFIER = lucaskleal.PayTheBill;
				PRODUCT_NAME = "$(TARGET_NAME)";
				SWIFT_EMIT_LOC_STRINGS = YES;
				SWIFT_VERSION = 5.0;
				TARGETED_DEVICE_FAMILY = "1,2";
			};
			name = Debug;
		};
		1EEB58382821DAC3000E713E /* Release */ = {
			isa = XCBuildConfiguration;
			buildSettings = {
				ASSETCATALOG_COMPILER_APPICON_NAME = AppIcon;
				ASSETCATALOG_COMPILER_GLOBAL_ACCENT_COLOR_NAME = AccentColor;
				CODE_SIGN_STYLE = Automatic;
				CURRENT_PROJECT_VERSION = 1;
				DEVELOPMENT_ASSET_PATHS = "\"PayTheBill/Preview Content\"";
				DEVELOPMENT_TEAM = RK3Y5C7RD9;
				ENABLE_PREVIEWS = YES;
				GENERATE_INFOPLIST_FILE = YES;
				INFOPLIST_KEY_UIApplicationSceneManifest_Generation = YES;
				INFOPLIST_KEY_UIApplicationSupportsIndirectInputEvents = YES;
				INFOPLIST_KEY_UILaunchScreen_Generation = YES;
				INFOPLIST_KEY_UISupportedInterfaceOrientations_iPad = "UIInterfaceOrientationPortrait UIInterfaceOrientationPortraitUpsideDown UIInterfaceOrientationLandscapeLeft UIInterfaceOrientationLandscapeRight";
				INFOPLIST_KEY_UISupportedInterfaceOrientations_iPhone = "UIInterfaceOrientationPortrait UIInterfaceOrientationLandscapeLeft UIInterfaceOrientationLandscapeRight";
				IPHONEOS_DEPLOYMENT_TARGET = 15.0;
				LD_RUNPATH_SEARCH_PATHS = (
					"$(inherited)",
					"@executable_path/Frameworks",
				);
				MARKETING_VERSION = 1.0;
				PRODUCT_BUNDLE_IDENTIFIER = lucaskleal.PayTheBill;
				PRODUCT_NAME = "$(TARGET_NAME)";
				SWIFT_EMIT_LOC_STRINGS = YES;
				SWIFT_VERSION = 5.0;
				TARGETED_DEVICE_FAMILY = "1,2";
			};
			name = Release;
		};
/* End XCBuildConfiguration section */

/* Begin XCConfigurationList section */
		1EEB58232821DAC2000E713E /* Build configuration list for PBXProject "PayTheBill" */ = {
			isa = XCConfigurationList;
			buildConfigurations = (
				1EEB58342821DAC3000E713E /* Debug */,
				1EEB58352821DAC3000E713E /* Release */,
			);
			defaultConfigurationIsVisible = 0;
			defaultConfigurationName = Release;
		};
		1EEB58362821DAC3000E713E /* Build configuration list for PBXNativeTarget "PayTheBill" */ = {
			isa = XCConfigurationList;
			buildConfigurations = (
				1EEB58372821DAC3000E713E /* Debug */,
				1EEB58382821DAC3000E713E /* Release */,
			);
			defaultConfigurationIsVisible = 0;
			defaultConfigurationName = Release;
		};
/* End XCConfigurationList section */

/* Begin XCRemoteSwiftPackageReference section */
		1E148CFA282C962500137B54 /* XCRemoteSwiftPackageReference "firebase-ios-sdk" */ = {
			isa = XCRemoteSwiftPackageReference;
			repositoryURL = "https://github.com/firebase/firebase-ios-sdk";
			requirement = {
				kind = upToNextMajorVersion;
				minimumVersion = 9.0.0;
			};
		};
/* End XCRemoteSwiftPackageReference section */

/* Begin XCSwiftPackageProductDependency section */
		1E148CFB282C962500137B54 /* FirebaseAuth */ = {
			isa = XCSwiftPackageProductDependency;
			package = 1E148CFA282C962500137B54 /* XCRemoteSwiftPackageReference "firebase-ios-sdk" */;
			productName = FirebaseAuth;
		};
		1E148CFD282C962500137B54 /* FirebaseFirestore */ = {
			isa = XCSwiftPackageProductDependency;
			package = 1E148CFA282C962500137B54 /* XCRemoteSwiftPackageReference "firebase-ios-sdk" */;
			productName = FirebaseFirestore;
		};
/* End XCSwiftPackageProductDependency section */
	};
	rootObject = 1EEB58202821DAC2000E713E /* Project object */;
}
